
Microsoft Visual Studio Solution File, Format Version 12.00
# Visual Studio Version 16
VisualStudioVersion = 16.0.31019.35
MinimumVisualStudioVersion = 10.0.40219.1
Project("{FAE04EC0-301F-11D3-BF4B-00C04F79EFBC}") = "Dieukhiendongco", "Dieukhiendongco.csproj", "{C51009D3-C691-4F18-9307-C4C174F381FE}"
EndProject
Global
	GlobalSection(SolutionConfigurationPlatforms) = preSolution
		Debug|Any CPU = Debug|Any CPU
		Release|Any CPU = Release|Any CPU
	EndGlobalSection
	GlobalSection(ProjectConfigurationPlatforms) = postSolution
		{C51009D3-C691-4F18-9307-C4C174F381FE}.Debug|Any CPU.ActiveCfg = Debug|Any CPU
		{C51009D3-C691-4F18-9307-C4C174F381FE}.Debug|Any CPU.Build.0 = Debug|Any CPU
		{C51009D3-C691-4F18-9307-C4C174F381FE}.Release|Any CPU.ActiveCfg = Release|Any CPU
		{C51009D3-C691-4F18-9307-C4C174F381FE}.Release|Any CPU.Build.0 = Release|Any CPU
	EndGlobalSection
	GlobalSection(SolutionProperties) = preSolution
		HideSolutionNode = FALSE
	EndGlobalSection
	GlobalSection(ExtensibilityGlobals) = postSolution
		SolutionGuid = {75E11167-30E7-48EF-9292-C1C3A917504B}
	EndGlobalSection
EndGlobal
